
Microsoft Visual Studio Solution File, Format Version 12.00
# Visual Studio Version 17
VisualStudioVersion = 17.7.34031.279
MinimumVisualStudioVersion = 10.0.40219.1
Project("{FAE04EC0-301F-11D3-BF4B-00C04F79EFBC}") = "Laboratorio1", "Laboratorio1.csproj", "{92FA280D-1909-4E7A-8770-5393CCC5F5C4}"
EndProject
Global
	GlobalSection(SolutionConfigurationPlatforms) = preSolution
		Debug|Any CPU = Debug|Any CPU
		Release|Any CPU = Release|Any CPU
	EndGlobalSection
	GlobalSection(ProjectConfigurationPlatforms) = postSolution
		{92FA280D-1909-4E7A-8770-5393CCC5F5C4}.Debug|Any CPU.ActiveCfg = Debug|Any CPU
		{92FA280D-1909-4E7A-8770-5393CCC5F5C4}.Debug|Any CPU.Build.0 = Debug|Any CPU
		{92FA280D-1909-4E7A-8770-5393CCC5F5C4}.Release|Any CPU.ActiveCfg = Release|Any CPU
		{92FA280D-1909-4E7A-8770-5393CCC5F5C4}.Release|Any CPU.Build.0 = Release|Any CPU
	EndGlobalSection
	GlobalSection(SolutionProperties) = preSolution
		HideSolutionNode = FALSE
	EndGlobalSection
	GlobalSection(ExtensibilityGlobals) = postSolution
		SolutionGuid = {609F8B17-1DAD-4826-9188-2A9A49688897}
	EndGlobalSection
EndGlobal
