
Microsoft Visual Studio Solution File, Format Version 12.00
# Visual Studio Version 17
VisualStudioVersion = 17.7.34302.85
MinimumVisualStudioVersion = 10.0.40219.1
Project("{9A19103F-16F7-4668-BE54-9A1E7A4F7556}") = "EmailSenderInterfaces", "EmailSenderInterfaces.csproj", "{79D3A8BF-042A-4F30-883F-262221340B47}"
EndProject
Project("{9A19103F-16F7-4668-BE54-9A1E7A4F7556}") = "EmailSenderImplementation1", "..\EmailSenderImplementation1\EmailSenderImplementation1.csproj", "{3DBC2F8A-D4C0-4EDD-9AB7-D4639487EE70}"
EndProject
Project("{9A19103F-16F7-4668-BE54-9A1E7A4F7556}") = "EmailSenderImplementation2", "..\EmailSenderImplementation2\EmailSenderImplementation2.csproj", "{E1D78F90-E96D-4E7F-8AB1-2F01E2427169}"
EndProject
Project("{9A19103F-16F7-4668-BE54-9A1E7A4F7556}") = "TinyDependencyInjectionContainer", "..\TinyDependencyInjectionContainer\TinyDependencyInjectionContainer.csproj", "{CFB8131A-666F-4926-B38C-1A030FE2FD0A}"
EndProject
Project("{9A19103F-16F7-4668-BE54-9A1E7A4F7556}") = "Sender", "..\IEmailSender\Sender.csproj", "{E80518F9-9C8C-4AF9-A41D-0573E16EEEA1}"
EndProject
Global
	GlobalSection(SolutionConfigurationPlatforms) = preSolution
		Debug|Any CPU = Debug|Any CPU
		Release|Any CPU = Release|Any CPU
	EndGlobalSection
	GlobalSection(ProjectConfigurationPlatforms) = postSolution
		{79D3A8BF-042A-4F30-883F-262221340B47}.Debug|Any CPU.ActiveCfg = Debug|Any CPU
		{79D3A8BF-042A-4F30-883F-262221340B47}.Debug|Any CPU.Build.0 = Debug|Any CPU
		{79D3A8BF-042A-4F30-883F-262221340B47}.Release|Any CPU.ActiveCfg = Release|Any CPU
		{79D3A8BF-042A-4F30-883F-262221340B47}.Release|Any CPU.Build.0 = Release|Any CPU
		{3DBC2F8A-D4C0-4EDD-9AB7-D4639487EE70}.Debug|Any CPU.ActiveCfg = Debug|Any CPU
		{3DBC2F8A-D4C0-4EDD-9AB7-D4639487EE70}.Debug|Any CPU.Build.0 = Debug|Any CPU
		{3DBC2F8A-D4C0-4EDD-9AB7-D4639487EE70}.Release|Any CPU.ActiveCfg = Release|Any CPU
		{3DBC2F8A-D4C0-4EDD-9AB7-D4639487EE70}.Release|Any CPU.Build.0 = Release|Any CPU
		{E1D78F90-E96D-4E7F-8AB1-2F01E2427169}.Debug|Any CPU.ActiveCfg = Debug|Any CPU
		{E1D78F90-E96D-4E7F-8AB1-2F01E2427169}.Debug|Any CPU.Build.0 = Debug|Any CPU
		{E1D78F90-E96D-4E7F-8AB1-2F01E2427169}.Release|Any CPU.ActiveCfg = Release|Any CPU
		{E1D78F90-E96D-4E7F-8AB1-2F01E2427169}.Release|Any CPU.Build.0 = Release|Any CPU
		{CFB8131A-666F-4926-B38C-1A030FE2FD0A}.Debug|Any CPU.ActiveCfg = Debug|Any CPU
		{CFB8131A-666F-4926-B38C-1A030FE2FD0A}.Debug|Any CPU.Build.0 = Debug|Any CPU
		{CFB8131A-666F-4926-B38C-1A030FE2FD0A}.Release|Any CPU.ActiveCfg = Release|Any CPU
		{CFB8131A-666F-4926-B38C-1A030FE2FD0A}.Release|Any CPU.Build.0 = Release|Any CPU
		{E80518F9-9C8C-4AF9-A41D-0573E16EEEA1}.Debug|Any CPU.ActiveCfg = Debug|Any CPU
		{E80518F9-9C8C-4AF9-A41D-0573E16EEEA1}.Debug|Any CPU.Build.0 = Debug|Any CPU
		{E80518F9-9C8C-4AF9-A41D-0573E16EEEA1}.Release|Any CPU.ActiveCfg = Release|Any CPU
		{E80518F9-9C8C-4AF9-A41D-0573E16EEEA1}.Release|Any CPU.Build.0 = Release|Any CPU
	EndGlobalSection
	GlobalSection(SolutionProperties) = preSolution
		HideSolutionNode = FALSE
	EndGlobalSection
	GlobalSection(ExtensibilityGlobals) = postSolution
		SolutionGuid = {2C69F058-8DE3-477F-AE57-761E5813A512}
	EndGlobalSection
EndGlobal
